
Microsoft Visual Studio Solution File, Format Version 12.00
# Visual Studio Version 16
VisualStudioVersion = 16.0.30011.22
MinimumVisualStudioVersion = 10.0.40219.1
Project("{FAE04EC0-301F-11D3-BF4B-00C04F79EFBC}") = "BaiTap3", "BaiTap3.csproj", "{1BF1E8FA-6409-4CF6-8439-3FA769BB799D}"
EndProject
Global
	GlobalSection(SolutionConfigurationPlatforms) = preSolution
		Debug|Any CPU = Debug|Any CPU
		Release|Any CPU = Release|Any CPU
	EndGlobalSection
	GlobalSection(ProjectConfigurationPlatforms) = postSolution
		{1BF1E8FA-6409-4CF6-8439-3FA769BB799D}.Debug|Any CPU.ActiveCfg = Debug|Any CPU
		{1BF1E8FA-6409-4CF6-8439-3FA769BB799D}.Debug|Any CPU.Build.0 = Debug|Any CPU
		{1BF1E8FA-6409-4CF6-8439-3FA769BB799D}.Release|Any CPU.ActiveCfg = Release|Any CPU
		{1BF1E8FA-6409-4CF6-8439-3FA769BB799D}.Release|Any CPU.Build.0 = Release|Any CPU
	EndGlobalSection
	GlobalSection(SolutionProperties) = preSolution
		HideSolutionNode = FALSE
	EndGlobalSection
	GlobalSection(ExtensibilityGlobals) = postSolution
		SolutionGuid = {FA55828F-A2AF-4206-9845-B2CD0F2FB84A}
	EndGlobalSection
EndGlobal
